// !$*UTF8*$!
{
	archiveVersion = 1;
	classes = {
	};
	objectVersion = 56;
	objects = {

/* Begin PBXBuildFile section */
		281EE2DD2B16303A00862D56 /* AppDelegate.swift in Sources */ = {isa = PBXBuildFile; fileRef = 281EE2DC2B16303A00862D56 /* AppDelegate.swift */; };
		281EE2E12B16303A00862D56 /* ViewController.swift in Sources */ = {isa = PBXBuildFile; fileRef = 281EE2E02B16303A00862D56 /* ViewController.swift */; };
		281EE2E62B16303C00862D56 /* Assets.xcassets in Resources */ = {isa = PBXBuildFile; fileRef = 281EE2E52B16303C00862D56 /* Assets.xcassets */; };
		281EE2E92B16303C00862D56 /* LaunchScreen.storyboard in Resources */ = {isa = PBXBuildFile; fileRef = 281EE2E72B16303C00862D56 /* LaunchScreen.storyboard */; };
		281EE2F42B16303C00862D56 /* vinteumTests.swift in Sources */ = {isa = PBXBuildFile; fileRef = 281EE2F32B16303C00862D56 /* vinteumTests.swift */; };
		281EE2FE2B16303C00862D56 /* vinteumUITests.swift in Sources */ = {isa = PBXBuildFile; fileRef = 281EE2FD2B16303C00862D56 /* vinteumUITests.swift */; };
		281EE3002B16303C00862D56 /* vinteumUITestsLaunchTests.swift in Sources */ = {isa = PBXBuildFile; fileRef = 281EE2FF2B16303C00862D56 /* vinteumUITestsLaunchTests.swift */; };
		2BC9F69722E6E33E84959C24 /* Pods_vinteumTests.framework in Frameworks */ = {isa = PBXBuildFile; fileRef = C08E0319A4BB9647DF4AD397 /* Pods_vinteumTests.framework */; };
		75BDC978242945A5D2A28C9F /* Pods_vinteum.framework in Frameworks */ = {isa = PBXBuildFile; fileRef = 19A53742FCC80E767908094E /* Pods_vinteum.framework */; };
		90C733686CB698135D1EB4CD /* Pods_vinteum_vinteumUITests.framework in Frameworks */ = {isa = PBXBuildFile; fileRef = BA7B10175BD830EA962BBC69 /* Pods_vinteum_vinteumUITests.framework */; };
/* End PBXBuildFile section */

/* Begin PBXContainerItemProxy section */
		281EE2F02B16303C00862D56 /* PBXContainerItemProxy */ = {
			isa = PBXContainerItemProxy;
			containerPortal = 281EE2D12B16303A00862D56 /* Project object */;
			proxyType = 1;
			remoteGlobalIDString = 281EE2D82B16303A00862D56;
			remoteInfo = vinteum;
		};
		281EE2FA2B16303C00862D56 /* PBXContainerItemProxy */ = {
			isa = PBXContainerItemProxy;
			containerPortal = 281EE2D12B16303A00862D56 /* Project object */;
			proxyType = 1;
			remoteGlobalIDString = 281EE2D82B16303A00862D56;
			remoteInfo = vinteum;
		};
/* End PBXContainerItemProxy section */

/* Begin PBXFileReference section */
		048B2FE1A580B01AFEC92CD5 /* Pods-vinteum-vinteumUITests.release.xcconfig */ = {isa = PBXFileReference; includeInIndex = 1; lastKnownFileType = text.xcconfig; name = "Pods-vinteum-vinteumUITests.release.xcconfig"; path = "Target Support Files/Pods-vinteum-vinteumUITests/Pods-vinteum-vinteumUITests.release.xcconfig"; sourceTree = "<group>"; };
		19A53742FCC80E767908094E /* Pods_vinteum.framework */ = {isa = PBXFileReference; explicitFileType = wrapper.framework; includeInIndex = 0; path = Pods_vinteum.framework; sourceTree = BUILT_PRODUCTS_DIR; };
		281EE2D92B16303A00862D56 /* vinteum.app */ = {isa = PBXFileReference; explicitFileType = wrapper.application; includeInIndex = 0; path = vinteum.app; sourceTree = BUILT_PRODUCTS_DIR; };
		281EE2DC2B16303A00862D56 /* AppDelegate.swift */ = {isa = PBXFileReference; lastKnownFileType = sourcecode.swift; path = AppDelegate.swift; sourceTree = "<group>"; };
		281EE2E02B16303A00862D56 /* ViewController.swift */ = {isa = PBXFileReference; lastKnownFileType = sourcecode.swift; path = ViewController.swift; sourceTree = "<group>"; };
		281EE2E52B16303C00862D56 /* Assets.xcassets */ = {isa = PBXFileReference; lastKnownFileType = folder.assetcatalog; path = Assets.xcassets; sourceTree = "<group>"; };
		281EE2E82B16303C00862D56 /* Base */ = {isa = PBXFileReference; lastKnownFileType = file.storyboard; name = Base; path = Base.lproj/LaunchScreen.storyboard; sourceTree = "<group>"; };
		281EE2EA2B16303C00862D56 /* Info.plist */ = {isa = PBXFileReference; lastKnownFileType = text.plist.xml; path = Info.plist; sourceTree = "<group>"; };
		281EE2EF2B16303C00862D56 /* vinteumTests.xctest */ = {isa = PBXFileReference; explicitFileType = wrapper.cfbundle; includeInIndex = 0; path = vinteumTests.xctest; sourceTree = BUILT_PRODUCTS_DIR; };
		281EE2F32B16303C00862D56 /* vinteumTests.swift */ = {isa = PBXFileReference; lastKnownFileType = sourcecode.swift; path = vinteumTests.swift; sourceTree = "<group>"; };
		281EE2F92B16303C00862D56 /* vinteumUITests.xctest */ = {isa = PBXFileReference; explicitFileType = wrapper.cfbundle; includeInIndex = 0; path = vinteumUITests.xctest; sourceTree = BUILT_PRODUCTS_DIR; };
		281EE2FD2B16303C00862D56 /* vinteumUITests.swift */ = {isa = PBXFileReference; lastKnownFileType = sourcecode.swift; path = vinteumUITests.swift; sourceTree = "<group>"; };
		281EE2FF2B16303C00862D56 /* vinteumUITestsLaunchTests.swift */ = {isa = PBXFileReference; lastKnownFileType = sourcecode.swift; path = vinteumUITestsLaunchTests.swift; sourceTree = "<group>"; };
		458ACAF453EBE22D74D4F739 /* Pods-vinteum-vinteumUITests.debug.xcconfig */ = {isa = PBXFileReference; includeInIndex = 1; lastKnownFileType = text.xcconfig; name = "Pods-vinteum-vinteumUITests.debug.xcconfig"; path = "Target Support Files/Pods-vinteum-vinteumUITests/Pods-vinteum-vinteumUITests.debug.xcconfig"; sourceTree = "<group>"; };
		652468F9CB4B0ECFA76DF7E6 /* Pods-vinteumTests.debug.xcconfig */ = {isa = PBXFileReference; includeInIndex = 1; lastKnownFileType = text.xcconfig; name = "Pods-vinteumTests.debug.xcconfig"; path = "Target Support Files/Pods-vinteumTests/Pods-vinteumTests.debug.xcconfig"; sourceTree = "<group>"; };
		77629BD48EBF2A54284F7BAE /* Pods-vinteum.release.xcconfig */ = {isa = PBXFileReference; includeInIndex = 1; lastKnownFileType = text.xcconfig; name = "Pods-vinteum.release.xcconfig"; path = "Target Support Files/Pods-vinteum/Pods-vinteum.release.xcconfig"; sourceTree = "<group>"; };
		79759221F2B3F928A31F834C /* Pods-vinteum.debug.xcconfig */ = {isa = PBXFileReference; includeInIndex = 1; lastKnownFileType = text.xcconfig; name = "Pods-vinteum.debug.xcconfig"; path = "Target Support Files/Pods-vinteum/Pods-vinteum.debug.xcconfig"; sourceTree = "<group>"; };
		B60B1A576F5FA3A3F0D22E94 /* Pods-vinteumTests.release.xcconfig */ = {isa = PBXFileReference; includeInIndex = 1; lastKnownFileType = text.xcconfig; name = "Pods-vinteumTests.release.xcconfig"; path = "Target Support Files/Pods-vinteumTests/Pods-vinteumTests.release.xcconfig"; sourceTree = "<group>"; };
		BA7B10175BD830EA962BBC69 /* Pods_vinteum_vinteumUITests.framework */ = {isa = PBXFileReference; explicitFileType = wrapper.framework; includeInIndex = 0; path = Pods_vinteum_vinteumUITests.framework; sourceTree = BUILT_PRODUCTS_DIR; };
		C08E0319A4BB9647DF4AD397 /* Pods_vinteumTests.framework */ = {isa = PBXFileReference; explicitFileType = wrapper.framework; includeInIndex = 0; path = Pods_vinteumTests.framework; sourceTree = BUILT_PRODUCTS_DIR; };
/* End PBXFileReference section */

/* Begin PBXFrameworksBuildPhase section */
		281EE2D62B16303A00862D56 /* Frameworks */ = {
			isa = PBXFrameworksBuildPhase;
			buildActionMask = 2147483647;
			files = (
				75BDC978242945A5D2A28C9F /* Pods_vinteum.framework in Frameworks */,
			);
			runOnlyForDeploymentPostprocessing = 0;
		};
		281EE2EC2B16303C00862D56 /* Frameworks */ = {
			isa = PBXFrameworksBuildPhase;
			buildActionMask = 2147483647;
			files = (
				2BC9F69722E6E33E84959C24 /* Pods_vinteumTests.framework in Frameworks */,
			);
			runOnlyForDeploymentPostprocessing = 0;
		};
		281EE2F62B16303C00862D56 /* Frameworks */ = {
			isa = PBXFrameworksBuildPhase;
			buildActionMask = 2147483647;
			files = (
				90C733686CB698135D1EB4CD /* Pods_vinteum_vinteumUITests.framework in Frameworks */,
			);
			runOnlyForDeploymentPostprocessing = 0;
		};
/* End PBXFrameworksBuildPhase section */

/* Begin PBXGroup section */
		281EE2D02B16303A00862D56 = {
			isa = PBXGroup;
			children = (
				281EE2DB2B16303A00862D56 /* vinteum */,
				281EE2F22B16303C00862D56 /* vinteumTests */,
				281EE2FC2B16303C00862D56 /* vinteumUITests */,
				281EE2DA2B16303A00862D56 /* Products */,
				AD00B57BA3AADFEBC38792AA /* Pods */,
				35E91CBBAC7EB7F7B43BC9B6 /* Frameworks */,
			);
			sourceTree = "<group>";
		};
		281EE2DA2B16303A00862D56 /* Products */ = {
			isa = PBXGroup;
			children = (
				281EE2D92B16303A00862D56 /* vinteum.app */,
				281EE2EF2B16303C00862D56 /* vinteumTests.xctest */,
				281EE2F92B16303C00862D56 /* vinteumUITests.xctest */,
			);
			name = Products;
			sourceTree = "<group>";
		};
		281EE2DB2B16303A00862D56 /* vinteum */ = {
			isa = PBXGroup;
			children = (
				281EE2DC2B16303A00862D56 /* AppDelegate.swift */,
				281EE2E02B16303A00862D56 /* ViewController.swift */,
				281EE2E52B16303C00862D56 /* Assets.xcassets */,
				281EE2E72B16303C00862D56 /* LaunchScreen.storyboard */,
				281EE2EA2B16303C00862D56 /* Info.plist */,
			);
			path = vinteum;
			sourceTree = "<group>";
		};
		281EE2F22B16303C00862D56 /* vinteumTests */ = {
			isa = PBXGroup;
			children = (
				281EE2F32B16303C00862D56 /* vinteumTests.swift */,
			);
			path = vinteumTests;
			sourceTree = "<group>";
		};
		281EE2FC2B16303C00862D56 /* vinteumUITests */ = {
			isa = PBXGroup;
			children = (
				281EE2FD2B16303C00862D56 /* vinteumUITests.swift */,
				281EE2FF2B16303C00862D56 /* vinteumUITestsLaunchTests.swift */,
			);
			path = vinteumUITests;
			sourceTree = "<group>";
		};
		35E91CBBAC7EB7F7B43BC9B6 /* Frameworks */ = {
			isa = PBXGroup;
			children = (
				19A53742FCC80E767908094E /* Pods_vinteum.framework */,
				BA7B10175BD830EA962BBC69 /* Pods_vinteum_vinteumUITests.framework */,
				C08E0319A4BB9647DF4AD397 /* Pods_vinteumTests.framework */,
			);
			name = Frameworks;
			sourceTree = "<group>";
		};
		AD00B57BA3AADFEBC38792AA /* Pods */ = {
			isa = PBXGroup;
			children = (
				79759221F2B3F928A31F834C /* Pods-vinteum.debug.xcconfig */,
				77629BD48EBF2A54284F7BAE /* Pods-vinteum.release.xcconfig */,
				458ACAF453EBE22D74D4F739 /* Pods-vinteum-vinteumUITests.debug.xcconfig */,
				048B2FE1A580B01AFEC92CD5 /* Pods-vinteum-vinteumUITests.release.xcconfig */,
				652468F9CB4B0ECFA76DF7E6 /* Pods-vinteumTests.debug.xcconfig */,
				B60B1A576F5FA3A3F0D22E94 /* Pods-vinteumTests.release.xcconfig */,
			);
			path = Pods;
			sourceTree = "<group>";
		};
/* End PBXGroup section */

/* Begin PBXNativeTarget section */
		281EE2D82B16303A00862D56 /* vinteum */ = {
			isa = PBXNativeTarget;
			buildConfigurationList = 281EE3032B16303C00862D56 /* Build configuration list for PBXNativeTarget "vinteum" */;
			buildPhases = (
				A179B2A52E3305DE23505AED /* [CP] Check Pods Manifest.lock */,
				281EE2D52B16303A00862D56 /* Sources */,
				281EE2D62B16303A00862D56 /* Frameworks */,
				281EE2D72B16303A00862D56 /* Resources */,
				D5DC0234F7DB4E8586F9C545 /* [CP] Embed Pods Frameworks */,
			);
			buildRules = (
			);
			dependencies = (
			);
			name = vinteum;
			productName = vinteum;
			productReference = 281EE2D92B16303A00862D56 /* vinteum.app */;
			productType = "com.apple.product-type.application";
		};
		281EE2EE2B16303C00862D56 /* vinteumTests */ = {
			isa = PBXNativeTarget;
			buildConfigurationList = 281EE3062B16303C00862D56 /* Build configuration list for PBXNativeTarget "vinteumTests" */;
			buildPhases = (
				75381C7655250921A54AE7F8 /* [CP] Check Pods Manifest.lock */,
				281EE2EB2B16303C00862D56 /* Sources */,
				281EE2EC2B16303C00862D56 /* Frameworks */,
				281EE2ED2B16303C00862D56 /* Resources */,
			);
			buildRules = (
			);
			dependencies = (
				281EE2F12B16303C00862D56 /* PBXTargetDependency */,
			);
			name = vinteumTests;
			productName = vinteumTests;
			productReference = 281EE2EF2B16303C00862D56 /* vinteumTests.xctest */;
			productType = "com.apple.product-type.bundle.unit-test";
		};
		281EE2F82B16303C00862D56 /* vinteumUITests */ = {
			isa = PBXNativeTarget;
			buildConfigurationList = 281EE3092B16303C00862D56 /* Build configuration list for PBXNativeTarget "vinteumUITests" */;
			buildPhases = (
				FB9CFCDEA7A51C23A518E891 /* [CP] Check Pods Manifest.lock */,
				281EE2F52B16303C00862D56 /* Sources */,
				281EE2F62B16303C00862D56 /* Frameworks */,
				281EE2F72B16303C00862D56 /* Resources */,
				80AD8A9D50E4A1E62935A85B /* [CP] Embed Pods Frameworks */,
			);
			buildRules = (
			);
			dependencies = (
				281EE2FB2B16303C00862D56 /* PBXTargetDependency */,
			);
			name = vinteumUITests;
			productName = vinteumUITests;
			productReference = 281EE2F92B16303C00862D56 /* vinteumUITests.xctest */;
			productType = "com.apple.product-type.bundle.ui-testing";
		};
/* End PBXNativeTarget section */

/* Begin PBXProject section */
		281EE2D12B16303A00862D56 /* Project object */ = {
			isa = PBXProject;
			attributes = {
				BuildIndependentTargetsInParallel = 1;
				LastSwiftUpdateCheck = 1430;
				LastUpgradeCheck = 1430;
				TargetAttributes = {
					281EE2D82B16303A00862D56 = {
						CreatedOnToolsVersion = 14.3.1;
					};
					281EE2EE2B16303C00862D56 = {
						CreatedOnToolsVersion = 14.3.1;
						TestTargetID = 281EE2D82B16303A00862D56;
					};
					281EE2F82B16303C00862D56 = {
						CreatedOnToolsVersion = 14.3.1;
						TestTargetID = 281EE2D82B16303A00862D56;
					};
				};
			};
			buildConfigurationList = 281EE2D42B16303A00862D56 /* Build configuration list for PBXProject "vinteum" */;
			compatibilityVersion = "Xcode 14.0";
			developmentRegion = en;
			hasScannedForEncodings = 0;
			knownRegions = (
				en,
				Base,
			);
			mainGroup = 281EE2D02B16303A00862D56;
			productRefGroup = 281EE2DA2B16303A00862D56 /* Products */;
			projectDirPath = "";
			projectRoot = "";
			targets = (
				281EE2D82B16303A00862D56 /* vinteum */,
				281EE2EE2B16303C00862D56 /* vinteumTests */,
				281EE2F82B16303C00862D56 /* vinteumUITests */,
			);
		};
/* End PBXProject section */

/* Begin PBXResourcesBuildPhase section */
		281EE2D72B16303A00862D56 /* Resources */ = {
			isa = PBXResourcesBuildPhase;
			buildActionMask = 2147483647;
			files = (
				281EE2E92B16303C00862D56 /* LaunchScreen.storyboard in Resources */,
				281EE2E62B16303C00862D56 /* Assets.xcassets in Resources */,
			);
			runOnlyForDeploymentPostprocessing = 0;
		};
		281EE2ED2B16303C00862D56 /* Resources */ = {
			isa = PBXResourcesBuildPhase;
			buildActionMask = 2147483647;
			files = (
			);
			runOnlyForDeploymentPostprocessing = 0;
		};
		281EE2F72B16303C00862D56 /* Resources */ = {
			isa = PBXResourcesBuildPhase;
			buildActionMask = 2147483647;
			files = (
			);
			runOnlyForDeploymentPostprocessing = 0;
		};
/* End PBXResourcesBuildPhase section */

/* Begin PBXShellScriptBuildPhase section */
		75381C7655250921A54AE7F8 /* [CP] Check Pods Manifest.lock */ = {
			isa = PBXShellScriptBuildPhase;
			buildActionMask = 2147483647;
			files = (
			);
			inputFileListPaths = (
			);
			inputPaths = (
				"${PODS_PODFILE_DIR_PATH}/Podfile.lock",
				"${PODS_ROOT}/Manifest.lock",
			);
			name = "[CP] Check Pods Manifest.lock";
			outputFileListPaths = (
			);
			outputPaths = (
				"$(DERIVED_FILE_DIR)/Pods-vinteumTests-checkManifestLockResult.txt",
			);
			runOnlyForDeploymentPostprocessing = 0;
			shellPath = /bin/sh;
			shellScript = "diff \"${PODS_PODFILE_DIR_PATH}/Podfile.lock\" \"${PODS_ROOT}/Manifest.lock\" > /dev/null\nif [ $? != 0 ] ; then\n    # print error to STDERR\n    echo \"error: The sandbox is not in sync with the Podfile.lock. Run 'pod install' or update your CocoaPods installation.\" >&2\n    exit 1\nfi\n# This output is used by Xcode 'outputs' to avoid re-running this script phase.\necho \"SUCCESS\" > \"${SCRIPT_OUTPUT_FILE_0}\"\n";
			showEnvVarsInLog = 0;
		};
		80AD8A9D50E4A1E62935A85B /* [CP] Embed Pods Frameworks */ = {
			isa = PBXShellScriptBuildPhase;
			buildActionMask = 2147483647;
			files = (
			);
			inputFileListPaths = (
				"${PODS_ROOT}/Target Support Files/Pods-vinteum-vinteumUITests/Pods-vinteum-vinteumUITests-frameworks-${CONFIGURATION}-input-files.xcfilelist",
			);
			name = "[CP] Embed Pods Frameworks";
			outputFileListPaths = (
				"${PODS_ROOT}/Target Support Files/Pods-vinteum-vinteumUITests/Pods-vinteum-vinteumUITests-frameworks-${CONFIGURATION}-output-files.xcfilelist",
			);
			runOnlyForDeploymentPostprocessing = 0;
			shellPath = /bin/sh;
			shellScript = "\"${PODS_ROOT}/Target Support Files/Pods-vinteum-vinteumUITests/Pods-vinteum-vinteumUITests-frameworks.sh\"\n";
			showEnvVarsInLog = 0;
		};
		A179B2A52E3305DE23505AED /* [CP] Check Pods Manifest.lock */ = {
			isa = PBXShellScriptBuildPhase;
			buildActionMask = 2147483647;
			files = (
			);
			inputFileListPaths = (
			);
			inputPaths = (
				"${PODS_PODFILE_DIR_PATH}/Podfile.lock",
				"${PODS_ROOT}/Manifest.lock",
			);
			name = "[CP] Check Pods Manifest.lock";
			outputFileListPaths = (
			);
			outputPaths = (
				"$(DERIVED_FILE_DIR)/Pods-vinteum-checkManifestLockResult.txt",
			);
			runOnlyForDeploymentPostprocessing = 0;
			shellPath = /bin/sh;
			shellScript = "diff \"${PODS_PODFILE_DIR_PATH}/Podfile.lock\" \"${PODS_ROOT}/Manifest.lock\" > /dev/null\nif [ $? != 0 ] ; then\n    # print error to STDERR\n    echo \"error: The sandbox is not in sync with the Podfile.lock. Run 'pod install' or update your CocoaPods installation.\" >&2\n    exit 1\nfi\n# This output is used by Xcode 'outputs' to avoid re-running this script phase.\necho \"SUCCESS\" > \"${SCRIPT_OUTPUT_FILE_0}\"\n";
			showEnvVarsInLog = 0;
		};
		D5DC0234F7DB4E8586F9C545 /* [CP] Embed Pods Frameworks */ = {
			isa = PBXShellScriptBuildPhase;
			buildActionMask = 2147483647;
			files = (
			);
			inputFileListPaths = (
				"${PODS_ROOT}/Target Support Files/Pods-vinteum/Pods-vinteum-frameworks-${CONFIGURATION}-input-files.xcfilelist",
			);
			name = "[CP] Embed Pods Frameworks";
			outputFileListPaths = (
				"${PODS_ROOT}/Target Support Files/Pods-vinteum/Pods-vinteum-frameworks-${CONFIGURATION}-output-files.xcfilelist",
			);
			runOnlyForDeploymentPostprocessing = 0;
			shellPath = /bin/sh;
			shellScript = "\"${PODS_ROOT}/Target Support Files/Pods-vinteum/Pods-vinteum-frameworks.sh\"\n";
			showEnvVarsInLog = 0;
		};
		FB9CFCDEA7A51C23A518E891 /* [CP] Check Pods Manifest.lock */ = {
			isa = PBXShellScriptBuildPhase;
			buildActionMask = 2147483647;
			files = (
			);
			inputFileListPaths = (
			);
			inputPaths = (
				"${PODS_PODFILE_DIR_PATH}/Podfile.lock",
				"${PODS_ROOT}/Manifest.lock",
			);
			name = "[CP] Check Pods Manifest.lock";
			outputFileListPaths = (
			);
			outputPaths = (
				"$(DERIVED_FILE_DIR)/Pods-vinteum-vinteumUITests-checkManifestLockResult.txt",
			);
			runOnlyForDeploymentPostprocessing = 0;
			shellPath = /bin/sh;
			shellScript = "diff \"${PODS_PODFILE_DIR_PATH}/Podfile.lock\" \"${PODS_ROOT}/Manifest.lock\" > /dev/null\nif [ $? != 0 ] ; then\n    # print error to STDERR\n    echo \"error: The sandbox is not in sync with the Podfile.lock. Run 'pod install' or update your CocoaPods installation.\" >&2\n    exit 1\nfi\n# This output is used by Xcode 'outputs' to avoid re-running this script phase.\necho \"SUCCESS\" > \"${SCRIPT_OUTPUT_FILE_0}\"\n";
			showEnvVarsInLog = 0;
		};
/* End PBXShellScriptBuildPhase section */

/* Begin PBXSourcesBuildPhase section */
		281EE2D52B16303A00862D56 /* Sources */ = {
			isa = PBXSourcesBuildPhase;
			buildActionMask = 2147483647;
			files = (
				281EE2E12B16303A00862D56 /* ViewController.swift in Sources */,
				281EE2DD2B16303A00862D56 /* AppDelegate.swift in Sources */,
			);
			runOnlyForDeploymentPostprocessing = 0;
		};
		281EE2EB2B16303C00862D56 /* Sources */ = {
			isa = PBXSourcesBuildPhase;
			buildActionMask = 2147483647;
			files = (
				281EE2F42B16303C00862D56 /* vinteumTests.swift in Sources */,
			);
			runOnlyForDeploymentPostprocessing = 0;
		};
		281EE2F52B16303C00862D56 /* Sources */ = {
			isa = PBXSourcesBuildPhase;
			buildActionMask = 2147483647;
			files = (
				281EE2FE2B16303C00862D56 /* vinteumUITests.swift in Sources */,
				281EE3002B16303C00862D56 /* vinteumUITestsLaunchTests.swift in Sources */,
			);
			runOnlyForDeploymentPostprocessing = 0;
		};
/* End PBXSourcesBuildPhase section */

/* Begin PBXTargetDependency section */
		281EE2F12B16303C00862D56 /* PBXTargetDependency */ = {
			isa = PBXTargetDependency;
			target = 281EE2D82B16303A00862D56 /* vinteum */;
			targetProxy = 281EE2F02B16303C00862D56 /* PBXContainerItemProxy */;
		};
		281EE2FB2B16303C00862D56 /* PBXTargetDependency */ = {
			isa = PBXTargetDependency;
			target = 281EE2D82B16303A00862D56 /* vinteum */;
			targetProxy = 281EE2FA2B16303C00862D56 /* PBXContainerItemProxy */;
		};
/* End PBXTargetDependency section */

/* Begin PBXVariantGroup section */
		281EE2E72B16303C00862D56 /* LaunchScreen.storyboard */ = {
			isa = PBXVariantGroup;
			children = (
				281EE2E82B16303C00862D56 /* Base */,
			);
			name = LaunchScreen.storyboard;
			sourceTree = "<group>";
		};
/* End PBXVariantGroup section */

/* Begin XCBuildConfiguration section */
		281EE3012B16303C00862D56 /* Debug */ = {
			isa = XCBuildConfiguration;
			buildSettings = {
				ALWAYS_SEARCH_USER_PATHS = NO;
				CLANG_ANALYZER_NONNULL = YES;
				CLANG_ANALYZER_NUMBER_OBJECT_CONVERSION = YES_AGGRESSIVE;
				CLANG_CXX_LANGUAGE_STANDARD = "gnu++20";
				CLANG_ENABLE_MODULES = YES;
				CLANG_ENABLE_OBJC_ARC = YES;
				CLANG_ENABLE_OBJC_WEAK = YES;
				CLANG_WARN_BLOCK_CAPTURE_AUTORELEASING = YES;
				CLANG_WARN_BOOL_CONVERSION = YES;
				CLANG_WARN_COMMA = YES;
				CLANG_WARN_CONSTANT_CONVERSION = YES;
				CLANG_WARN_DEPRECATED_OBJC_IMPLEMENTATIONS = YES;
				CLANG_WARN_DIRECT_OBJC_ISA_USAGE = YES_ERROR;
				CLANG_WARN_DOCUMENTATION_COMMENTS = YES;
				CLANG_WARN_EMPTY_BODY = YES;
				CLANG_WARN_ENUM_CONVERSION = YES;
				CLANG_WARN_INFINITE_RECURSION = YES;
				CLANG_WARN_INT_CONVERSION = YES;
				CLANG_WARN_NON_LITERAL_NULL_CONVERSION = YES;
				CLANG_WARN_OBJC_IMPLICIT_RETAIN_SELF = YES;
				CLANG_WARN_OBJC_LITERAL_CONVERSION = YES;
				CLANG_WARN_OBJC_ROOT_CLASS = YES_ERROR;
				CLANG_WARN_QUOTED_INCLUDE_IN_FRAMEWORK_HEADER = YES;
				CLANG_WARN_RANGE_LOOP_ANALYSIS = YES;
				CLANG_WARN_STRICT_PROTOTYPES = YES;
				CLANG_WARN_SUSPICIOUS_MOVE = YES;
				CLANG_WARN_UNGUARDED_AVAILABILITY = YES_AGGRESSIVE;
				CLANG_WARN_UNREACHABLE_CODE = YES;
				CLANG_WARN__DUPLICATE_METHOD_MATCH = YES;
				COPY_PHASE_STRIP = NO;
				DEBUG_INFORMATION_FORMAT = dwarf;
				ENABLE_STRICT_OBJC_MSGSEND = YES;
				ENABLE_TESTABILITY = YES;
				GCC_C_LANGUAGE_STANDARD = gnu11;
				GCC_DYNAMIC_NO_PIC = NO;
				GCC_NO_COMMON_BLOCKS = YES;
				GCC_OPTIMIZATION_LEVEL = 0;
				GCC_PREPROCESSOR_DEFINITIONS = (
					"DEBUG=1",
					"$(inherited)",
				);
				GCC_WARN_64_TO_32_BIT_CONVERSION = YES;
				GCC_WARN_ABOUT_RETURN_TYPE = YES_ERROR;
				GCC_WARN_UNDECLARED_SELECTOR = YES;
				GCC_WARN_UNINITIALIZED_AUTOS = YES_AGGRESSIVE;
				GCC_WARN_UNUSED_FUNCTION = YES;
				GCC_WARN_UNUSED_VARIABLE = YES;
				IPHONEOS_DEPLOYMENT_TARGET = 16.4;
				MTL_ENABLE_DEBUG_INFO = INCLUDE_SOURCE;
				MTL_FAST_MATH = YES;
				ONLY_ACTIVE_ARCH = YES;
				SDKROOT = iphoneos;
				SWIFT_ACTIVE_COMPILATION_CONDITIONS = DEBUG;
				SWIFT_OPTIMIZATION_LEVEL = "-Onone";
			};
			name = Debug;
		};
		281EE3022B16303C00862D56 /* Release */ = {
			isa = XCBuildConfiguration;
			buildSettings = {
				ALWAYS_SEARCH_USER_PATHS = NO;
				CLANG_ANALYZER_NONNULL = YES;
				CLANG_ANALYZER_NUMBER_OBJECT_CONVERSION = YES_AGGRESSIVE;
				CLANG_CXX_LANGUAGE_STANDARD = "gnu++20";
				CLANG_ENABLE_MODULES = YES;
				CLANG_ENABLE_OBJC_ARC = YES;
				CLANG_ENABLE_OBJC_WEAK = YES;
				CLANG_WARN_BLOCK_CAPTURE_AUTORELEASING = YES;
				CLANG_WARN_BOOL_CONVERSION = YES;
				CLANG_WARN_COMMA = YES;
				CLANG_WARN_CONSTANT_CONVERSION = YES;
				CLANG_WARN_DEPRECATED_OBJC_IMPLEMENTATIONS = YES;
				CLANG_WARN_DIRECT_OBJC_ISA_USAGE = YES_ERROR;
				CLANG_WARN_DOCUMENTATION_COMMENTS = YES;
				CLANG_WARN_EMPTY_BODY = YES;
				CLANG_WARN_ENUM_CONVERSION = YES;
				CLANG_WARN_INFINITE_RECURSION = YES;
				CLANG_WARN_INT_CONVERSION = YES;
				CLANG_WARN_NON_LITERAL_NULL_CONVERSION = YES;
				CLANG_WARN_OBJC_IMPLICIT_RETAIN_SELF = YES;
				CLANG_WARN_OBJC_LITERAL_CONVERSION = YES;
				CLANG_WARN_OBJC_ROOT_CLASS = YES_ERROR;
				CLANG_WARN_QUOTED_INCLUDE_IN_FRAMEWORK_HEADER = YES;
				CLANG_WARN_RANGE_LOOP_ANALYSIS = YES;
				CLANG_WARN_STRICT_PROTOTYPES = YES;
				CLANG_WARN_SUSPICIOUS_MOVE = YES;
				CLANG_WARN_UNGUARDED_AVAILABILITY = YES_AGGRESSIVE;
				CLANG_WARN_UNREACHABLE_CODE = YES;
				CLANG_WARN__DUPLICATE_METHOD_MATCH = YES;
				COPY_PHASE_STRIP = NO;
				DEBUG_INFORMATION_FORMAT = "dwarf-with-dsym";
				ENABLE_NS_ASSERTIONS = NO;
				ENABLE_STRICT_OBJC_MSGSEND = YES;
				GCC_C_LANGUAGE_STANDARD = gnu11;
				GCC_NO_COMMON_BLOCKS = YES;
				GCC_WARN_64_TO_32_BIT_CONVERSION = YES;
				GCC_WARN_ABOUT_RETURN_TYPE = YES_ERROR;
				GCC_WARN_UNDECLARED_SELECTOR = YES;
				GCC_WARN_UNINITIALIZED_AUTOS = YES_AGGRESSIVE;
				GCC_WARN_UNUSED_FUNCTION = YES;
				GCC_WARN_UNUSED_VARIABLE = YES;
				IPHONEOS_DEPLOYMENT_TARGET = 16.4;
				MTL_ENABLE_DEBUG_INFO = NO;
				MTL_FAST_MATH = YES;
				SDKROOT = iphoneos;
				SWIFT_COMPILATION_MODE = wholemodule;
				SWIFT_OPTIMIZATION_LEVEL = "-O";
				VALIDATE_PRODUCT = YES;
			};
			name = Release;
		};
		281EE3042B16303C00862D56 /* Debug */ = {
			isa = XCBuildConfiguration;
			baseConfigurationReference = 79759221F2B3F928A31F834C /* Pods-vinteum.debug.xcconfig */;
			buildSettings = {
				ASSETCATALOG_COMPILER_APPICON_NAME = AppIcon;
				ASSETCATALOG_COMPILER_GLOBAL_ACCENT_COLOR_NAME = AccentColor;
				CODE_SIGN_STYLE = Automatic;
				CURRENT_PROJECT_VERSION = 1;
				GENERATE_INFOPLIST_FILE = YES;
				INFOPLIST_FILE = vinteum/Info.plist;
				INFOPLIST_KEY_UIApplicationSupportsIndirectInputEvents = YES;
				INFOPLIST_KEY_UILaunchStoryboardName = LaunchScreen;
				INFOPLIST_KEY_UISupportedInterfaceOrientations_iPad = "UIInterfaceOrientationPortrait UIInterfaceOrientationPortraitUpsideDown UIInterfaceOrientationLandscapeLeft UIInterfaceOrientationLandscapeRight";
				INFOPLIST_KEY_UISupportedInterfaceOrientations_iPhone = "UIInterfaceOrientationPortrait UIInterfaceOrientationLandscapeLeft UIInterfaceOrientationLandscapeRight";
				IPHONEOS_DEPLOYMENT_TARGET = 12.1;
				LD_RUNPATH_SEARCH_PATHS = (
					"$(inherited)",
					"@executable_path/Frameworks",
				);
				MARKETING_VERSION = 1.0;
				PRODUCT_BUNDLE_IDENTIFIER = com.venus.vinteum;
				PRODUCT_NAME = "$(TARGET_NAME)";
				SUPPORTED_PLATFORMS = "iphoneos iphonesimulator";
				SUPPORTS_MACCATALYST = NO;
				SUPPORTS_MAC_DESIGNED_FOR_IPHONE_IPAD = NO;
				SWIFT_EMIT_LOC_STRINGS = YES;
				SWIFT_VERSION = 5.0;
				TARGETED_DEVICE_FAMILY = "1,2";
			};
			name = Debug;
		};
		281EE3052B16303C00862D56 /* Release */ = {
			isa = XCBuildConfiguration;
			baseConfigurationReference = 77629BD48EBF2A54284F7BAE /* Pods-vinteum.release.xcconfig */;
			buildSettings = {
				ASSETCATALOG_COMPILER_APPICON_NAME = AppIcon;
				ASSETCATALOG_COMPILER_GLOBAL_ACCENT_COLOR_NAME = AccentColor;
				CODE_SIGN_STYLE = Automatic;
				CURRENT_PROJECT_VERSION = 1;
				GENERATE_INFOPLIST_FILE = YES;
				INFOPLIST_FILE = vinteum/Info.plist;
				INFOPLIST_KEY_UIApplicationSupportsIndirectInputEvents = YES;
				INFOPLIST_KEY_UILaunchStoryboardName = LaunchScreen;
				INFOPLIST_KEY_UISupportedInterfaceOrientations_iPad = "UIInterfaceOrientationPortrait UIInterfaceOrientationPortraitUpsideDown UIInterfaceOrientationLandscapeLeft UIInterfaceOrientationLandscapeRight";
				INFOPLIST_KEY_UISupportedInterfaceOrientations_iPhone = "UIInterfaceOrientationPortrait UIInterfaceOrientationLandscapeLeft UIInterfaceOrientationLandscapeRight";
				IPHONEOS_DEPLOYMENT_TARGET = 12.1;
				LD_RUNPATH_SEARCH_PATHS = (
					"$(inherited)",
					"@executable_path/Frameworks",
				);
				MARKETING_VERSION = 1.0;
				PRODUCT_BUNDLE_IDENTIFIER = com.venus.vinteum;
				PRODUCT_NAME = "$(TARGET_NAME)";
				SUPPORTED_PLATFORMS = "iphoneos iphonesimulator";
				SUPPORTS_MACCATALYST = NO;
				SUPPORTS_MAC_DESIGNED_FOR_IPHONE_IPAD = NO;
				SWIFT_EMIT_LOC_STRINGS = YES;
				SWIFT_VERSION = 5.0;
				TARGETED_DEVICE_FAMILY = "1,2";
			};
			name = Release;
		};
		281EE3072B16303C00862D56 /* Debug */ = {
			isa = XCBuildConfiguration;
			baseConfigurationReference = 652468F9CB4B0ECFA76DF7E6 /* Pods-vinteumTests.debug.xcconfig */;
			buildSettings = {
				ALWAYS_EMBED_SWIFT_STANDARD_LIBRARIES = YES;
				BUNDLE_LOADER = "$(TEST_HOST)";
				CODE_SIGN_STYLE = Automatic;
				CURRENT_PROJECT_VERSION = 1;
				GENERATE_INFOPLIST_FILE = YES;
				IPHONEOS_DEPLOYMENT_TARGET = 16.4;
				MARKETING_VERSION = 1.0;
				PRODUCT_BUNDLE_IDENTIFIER = com.venus.vinteumTests;
				PRODUCT_NAME = "$(TARGET_NAME)";
				SWIFT_EMIT_LOC_STRINGS = NO;
				SWIFT_VERSION = 5.0;
				TARGETED_DEVICE_FAMILY = "1,2";
				TEST_HOST = "$(BUILT_PRODUCTS_DIR)/vinteum.app/$(BUNDLE_EXECUTABLE_FOLDER_PATH)/vinteum";
			};
			name = Debug;
		};
		281EE3082B16303C00862D56 /* Release */ = {
			isa = XCBuildConfiguration;
			baseConfigurationReference = B60B1A576F5FA3A3F0D22E94 /* Pods-vinteumTests.release.xcconfig */;
			buildSettings = {
				ALWAYS_EMBED_SWIFT_STANDARD_LIBRARIES = YES;
				BUNDLE_LOADER = "$(TEST_HOST)";
				CODE_SIGN_STYLE = Automatic;
				CURRENT_PROJECT_VERSION = 1;
				GENERATE_INFOPLIST_FILE = YES;
				IPHONEOS_DEPLOYMENT_TARGET = 16.4;
				MARKETING_VERSION = 1.0;
				PRODUCT_BUNDLE_IDENTIFIER = com.venus.vinteumTests;
				PRODUCT_NAME = "$(TARGET_NAME)";
				SWIFT_EMIT_LOC_STRINGS = NO;
				SWIFT_VERSION = 5.0;
				TARGETED_DEVICE_FAMILY = "1,2";
				TEST_HOST = "$(BUILT_PRODUCTS_DIR)/vinteum.app/$(BUNDLE_EXECUTABLE_FOLDER_PATH)/vinteum";
			};
			name = Release;
		};
		281EE30A2B16303C00862D56 /* Debug */ = {
			isa = XCBuildConfiguration;
			baseConfigurationReference = 458ACAF453EBE22D74D4F739 /* Pods-vinteum-vinteumUITests.debug.xcconfig */;
			buildSettings = {
				ALWAYS_EMBED_SWIFT_STANDARD_LIBRARIES = YES;
				CODE_SIGN_STYLE = Automatic;
				CURRENT_PROJECT_VERSION = 1;
				GENERATE_INFOPLIST_FILE = YES;
				MARKETING_VERSION = 1.0;
				PRODUCT_BUNDLE_IDENTIFIER = com.venus.vinteumUITests;
				PRODUCT_NAME = "$(TARGET_NAME)";
				SWIFT_EMIT_LOC_STRINGS = NO;
				SWIFT_VERSION = 5.0;
				TARGETED_DEVICE_FAMILY = "1,2";
				TEST_TARGET_NAME = vinteum;
			};
			name = Debug;
		};
		281EE30B2B16303C00862D56 /* Release */ = {
			isa = XCBuildConfiguration;
			baseConfigurationReference = 048B2FE1A580B01AFEC92CD5 /* Pods-vinteum-vinteumUITests.release.xcconfig */;
			buildSettings = {
				ALWAYS_EMBED_SWIFT_STANDARD_LIBRARIES = YES;
				CODE_SIGN_STYLE = Automatic;
				CURRENT_PROJECT_VERSION = 1;
				GENERATE_INFOPLIST_FILE = YES;
				MARKETING_VERSION = 1.0;
				PRODUCT_BUNDLE_IDENTIFIER = com.venus.vinteumUITests;
				PRODUCT_NAME = "$(TARGET_NAME)";
				SWIFT_EMIT_LOC_STRINGS = NO;
				SWIFT_VERSION = 5.0;
				TARGETED_DEVICE_FAMILY = "1,2";
				TEST_TARGET_NAME = vinteum;
			};
			name = Release;
		};
/* End XCBuildConfiguration section */

/* Begin XCConfigurationList section */
		281EE2D42B16303A00862D56 /* Build configuration list for PBXProject "vinteum" */ = {
			isa = XCConfigurationList;
			buildConfigurations = (
				281EE3012B16303C00862D56 /* Debug */,
				281EE3022B16303C00862D56 /* Release */,
			);
			defaultConfigurationIsVisible = 0;
			defaultConfigurationName = Release;
		};
		281EE3032B16303C00862D56 /* Build configuration list for PBXNativeTarget "vinteum" */ = {
			isa = XCConfigurationList;
			buildConfigurations = (
				281EE3042B16303C00862D56 /* Debug */,
				281EE3052B16303C00862D56 /* Release */,
			);
			defaultConfigurationIsVisible = 0;
			defaultConfigurationName = Release;
		};
		281EE3062B16303C00862D56 /* Build configuration list for PBXNativeTarget "vinteumTests" */ = {
			isa = XCConfigurationList;
			buildConfigurations = (
				281EE3072B16303C00862D56 /* Debug */,
				281EE3082B16303C00862D56 /* Release */,
			);
			defaultConfigurationIsVisible = 0;
			defaultConfigurationName = Release;
		};
		281EE3092B16303C00862D56 /* Build configuration list for PBXNativeTarget "vinteumUITests" */ = {
			isa = XCConfigurationList;
			buildConfigurations = (
				281EE30A2B16303C00862D56 /* Debug */,
				281EE30B2B16303C00862D56 /* Release */,
			);
			defaultConfigurationIsVisible = 0;
			defaultConfigurationName = Release;
		};
/* End XCConfigurationList section */
	};
	rootObject = 281EE2D12B16303A00862D56 /* Project object */;
}
